version = 1
revision = 3
requires-python = ">=3.11"

[[package]]
name = "braille-translator"
version = "0.1.0"
source = { virtual = "." }
dependencies = [
    { name = "jamo" },
]

[package.metadata]
requires-dist = [{ name = "jamo", specifier = ">=0.4.1" }]

[[package]]
name = "jamo"
version = "0.4.1"
source = { registry = "https://pypi.org/simple" }
sdist = { url = "https://files.pythonhosted.org/packages/b1/a2/bda770579809726e929ca6356743f9f50f64a2cbaee578fa9d4824afb00e/jamo-0.4.1.tar.gz", hash = "sha256:ea65cf9d35338d0e0af48d75ff426d8a369b0ebde6f07051c3ac37256f56d025", size = 7386, upload-time = "2017-11-06T19:28:51.729Z" }
wheels = [
    { url = "https://files.pythonhosted.org/packages/ac/cc/49812faae67f9a24be6ddaf58a2cf7e8c3cbfcf5b762d9414f7103d2ea2c/jamo-0.4.1-py3-none-any.whl", hash = "sha256:d4b94fd23324c606ed2fbc4037c603e2c3a7ae9390c05d3473aea1ccb6b1c3fb", size = 9543, upload-time = "2017-11-06T19:28:49.624Z" },
]
